
Microsoft Visual Studio Solution File, Format Version 12.00
# Visual Studio Version 16
VisualStudioVersion = 16.0.31410.357
MinimumVisualStudioVersion = 10.0.40219.1
Project("{9A19103F-16F7-4668-BE54-9A1E7A4F7556}") = "KH3Randomizer", "KH3Randomizer\KH3Randomizer.csproj", "{8FF9BCA4-4ABC-4114-816C-9F66DE7BE5B6}"
EndProject
Global
	GlobalSection(SolutionConfigurationPlatforms) = preSolution
		Debug|Any CPU = Debug|Any CPU
		Release|Any CPU = Release|Any CPU
	EndGlobalSection
	GlobalSection(ProjectConfigurationPlatforms) = postSolution
		{8FF9BCA4-4ABC-4114-816C-9F66DE7BE5B6}.Debug|Any CPU.ActiveCfg = Debug|Any CPU
		{8FF9BCA4-4ABC-4114-816C-9F66DE7BE5B6}.Debug|Any CPU.Build.0 = Debug|Any CPU
		{8FF9BCA4-4ABC-4114-816C-9F66DE7BE5B6}.Release|Any CPU.ActiveCfg = Release|Any CPU
		{8FF9BCA4-4ABC-4114-816C-9F66DE7BE5B6}.Release|Any CPU.Build.0 = Release|Any CPU
	EndGlobalSection
	GlobalSection(SolutionProperties) = preSolution
		HideSolutionNode = FALSE
	EndGlobalSection
	GlobalSection(ExtensibilityGlobals) = postSolution
		SolutionGuid = {438FDE6A-9297-43C9-A4C6-1B3606F40E1D}
	EndGlobalSection
EndGlobal
